lockfileVersion: '9.0'

settings:
  autoInstallPeers: true
  excludeLinksFromLockfile: false

importers:

  .:
    dependencies:
      '@splitbills/core':
        specifier: workspace:*
        version: link:../../packages/core
      '@splitbills/db':
        specifier: workspace:*
        version: link:../../packages/db
      nodemailer:
        specifier: ^10.0.13
        version: 10.0.13

packages:

  nodemailer@10.0.13:
    resolution: {integrity: sha512-SzG86OlvcW/NNhUFC6uROMwRTL4n7MswfQqC/T8mhkmnY1YVa23zUEMYi4ijSeXSl9GLz9ZeTJDUatEDuY5FeQ==}
    engines: {node: '>=20.0.0'}

snapshots:

  nodemailer@10.0.13: {}
